
Microsoft Visual Studio Solution File, Format Version 12.00
# Visual Studio Version 17
VisualStudioVersion = 17.4.33213.308
MinimumVisualStudioVersion = 10.0.40219.1
Project("{FAE04EC0-301F-11D3-BF4B-00C04F79EFBC}") = "L01P02_2020CC605_BLOG", "L01P02_2020CC605_BLOG\L01P02_2020CC605_BLOG.csproj", "{66920C6D-CBB3-4D18-B73D-32445A0CF2E6}"
EndProject
Global
	GlobalSection(SolutionConfigurationPlatforms) = preSolution
		Debug|Any CPU = Debug|Any CPU
		Release|Any CPU = Release|Any CPU
	EndGlobalSection
	GlobalSection(ProjectConfigurationPlatforms) = postSolution
		{66920C6D-CBB3-4D18-B73D-32445A0CF2E6}.Debug|Any CPU.ActiveCfg = Debug|Any CPU
		{66920C6D-CBB3-4D18-B73D-32445A0CF2E6}.Debug|Any CPU.Build.0 = Debug|Any CPU
		{66920C6D-CBB3-4D18-B73D-32445A0CF2E6}.Release|Any CPU.ActiveCfg = Release|Any CPU
		{66920C6D-CBB3-4D18-B73D-32445A0CF2E6}.Release|Any CPU.Build.0 = Release|Any CPU
	EndGlobalSection
	GlobalSection(SolutionProperties) = preSolution
		HideSolutionNode = FALSE
	EndGlobalSection
	GlobalSection(ExtensibilityGlobals) = postSolution
		SolutionGuid = {AE644BF3-712E-4273-8DB9-F76729D2C769}
	EndGlobalSection
EndGlobal
